github.com/bwmarrin/discordgo v0.20.2 h1:nA7jiTtqUA9lT93WL2jPjUp8ZTEInRujBdx1C9gkr20=
github.com/bwmarrin/discordgo v0.20.2/go.mod h1:O9S4p+ofTFwB02em7jkpkV8M3R0/PUVOwN61zSZ0r4Q=
github.com/davecgh/go-spew v1.1.1/go.mod h1:J7Y8YcW2NihsgmVo/mv3lAwl/skON4iLHjSsI+c5H38=
github.com/gorilla/websocket v1.4.0 h1:WDFjx/TMzVgy9VdMMQi2K2Emtwi2QcUQsztZ/zLaH/Q=
github.com/gorilla/websocket v1.4.0/go.mod h1:E7qHFY5m1UJ88s3WnNqhKjPHQ0heANvMoAMk2YaljkQ=
github.com/gorilla/websocket v1.4.1 h1:q7AeDBpnBk8AogcD4DSag/Ukw/KV+YhzLj2bP5HvKCM=
github.com/gorilla/websocket v1.4.1/go.mod h1:YR8l580nyteQvAITg2hZ9XVh4b55+EU/adAjf1fMHhE=
github.com/influxdata/influxdb1-client v0.0.0-20191209144304-8bf82d3c094d h1:/WZQPMZNsjZ7IlCpsLGdQBINg5bxKQ1K1sh6awxLtkA=
github.com/influxdata/influxdb1-client v0.0.0-20191209144304-8bf82d3c094d/go.mod h1:qj24IKcXYK6Iy9ceXlo3Tc+vtHo9lIhSX5JddghvEPo=
github.com/konsorten/go-windows-terminal-sequences v1.0.1 h1:mweAR1A6xJ3oS2pRaGiHgQ4OO8tzTaLawm8vnODuwDk=
github.com/konsorten/go-windows-terminal-sequences v1.0.1/go.mod h1:T0+1ngSBFLxvqU3pZ+m/2kptfBszLMUkC4ZK/EgS/cQ=
github.com/plally/dgcommand v0.0.0-20200121223303-d49c8cb768d9 h1:r7g38AyVM2za7osB1t++F4IThn3Nba7Z78odUPZ1iJ0=
github.com/plally/dgcommand v0.0.0-20200121223303-d49c8cb768d9/go.mod h1:Z17+ZDYAGxgRu0t+/X4EV/I8UXBSCpwk7uJmrQqb0r8=
github.com/plally/dgcommand v0.0.0-20200121224909-a897533cf516 h1:oKhVdE1edOqguM7peCPDQ2CffRocXysiM8j0U1MG22Y=
github.com/plally/dgcommand v0.0.0-20200121224909-a897533cf516/go.mod h1:Z17+ZDYAGxgRu0t+/X4EV/I8UXBSCpwk7uJmrQqb0r8=
github.com/plally/dgcommand v0.0.0-20200121232027-d164e30c7eab h1:Y5V5J//LmkdcLVC/PnZ5hcxiqJJliwjkPFcBZFAOo9Y=
github.com/plally/dgcommand v0.0.0-20200121232027-d164e30c7eab/go.mod h1:Z17+ZDYAGxgRu0t+/X4EV/I8UXBSCpwk7uJmrQqb0r8=
github.com/plally/dgcommand v0.0.0-20200122001529-9b0be6c7c0ef h1:ehudCs/syJ/429tHxcK6VAq9wAef9YuU7cKrvqJvrxU=
github.com/plally/dgcommand v0.0.0-20200122001529-9b0be6c7c0ef/go.mod h1:Z17+ZDYAGxgRu0t+/X4EV/I8UXBSCpwk7uJmrQqb0r8=
github.com/plally/dgcommand v0.0.0-20200122045247-cdcf4ea2c495 h1:mpnn+7LiN5mkG3bN+SEwDWLCvUgF4UVY9Vds/rR9DPk=
github.com/plally/dgcommand v0.0.0-20200122045247-cdcf4ea2c495/go.mod h1:Z17+ZDYAGxgRu0t+/X4EV/I8UXBSCpwk7uJmrQqb0r8=
github.com/plally/dgcommand v0.0.0-20200123212205-fbef6c937a8d h1:sPZgu2xxIxmEbhU1pOsOEBwbaklBhiLVoarh9vD9pko=
github.com/plally/dgcommand v0.0.0-20200123212205-fbef6c937a8d/go.mod h1:Z17+ZDYAGxgRu0t+/X4EV/I8UXBSCpwk7uJmrQqb0r8=
github.com/plally/dgcommand v0.0.0-20200123214852-986f1acf463a h1:+rigC/1CZZ1IRfO6xYeS9tDTXMwAbD39PU90p8rr/5A=
github.com/plally/dgcommand v0.0.0-20200123214852-986f1acf463a/go.mod h1:Z17+ZDYAGxgRu0t+/X4EV/I8UXBSCpwk7uJmrQqb0r8=
github.com/plally/e621 v0.0.0-20200122003618-cd751045ee57 h1:wCYkzoGR2GHpPPD4Xu7GpyQVZAe+oSmqTl4i6zBcjUs=
github.com/plally/e621 v0.0.0-20200122003618-cd751045ee57/go.mod h1:buMMWreXkadh9YeyyQ4prfw4cphzM13sS3Hwt6UfaaI=
github.com/pmezard/go-difflib v1.0.0/go.mod h1:iKH77koFhYxTK1pcRnkKkqfTogsbg7gZNVY4sRDYZ/4=
github.com/sirupsen/logrus v1.4.2 h1:SPIRibHv4MatM3XXNO2BJeFLZwZ2LvZgfQ5+UNI2im4=
github.com/sirupsen/logrus v1.4.2/go.mod h1:tLMulIdttU9McNUspp0xgXVQah82FyeX6MwdIuYE2rE=
github.com/stretchr/objx v0.1.1/go.mod h1:HFkY916IF+rwdDfMAkV7OtwuqBVzrE8GR6GFx+wExME=
github.com/stretchr/testify v1.2.2/go.mod h1:a8OnRcib4nhh0OaRAV+Yts87kKdq0PP7pXfy6kDkUVs=
golang.org/x/crypto v0.0.0-20181030102418-4d3f4d9ffa16 h1:y6ce7gCWtnH+m3dCjzQ1PCuwl28DDIc3VNnvY29DlIA=
golang.org/x/crypto v0.0.0-20181030102418-4d3f4d9ffa16/go.mod h1:6SG95UA2DQfeDnfUPMdvaQW0Q7yPrPDi9nlGo2tz2b4=
golang.org/x/crypto v0.0.0-20190308221718-c2843e01d9a2/go.mod h1:djNgcEr1/C05ACkg1iLfiJU5Ep61QUkGW8qpdssI0+w=
golang.org/x/crypto v0.0.0-20200117160349-530e935923ad h1:Jh8cai0fqIK+f6nG0UgPW5wFk8wmiMhM3AyciDBdtQg=
golang.org/x/crypto v0.0.0-20200117160349-530e935923ad/go.mod h1:LzIPMQfyMNhhGPhUkYOs5KpL4U8rLKemX1yGLhDgUto=
golang.org/x/net v0.0.0-20190404232315-eb5bcb51f2a3/go.mod h1:t9HGtf8HONx5eT2rtn7q6eTqICYqUVnKs3thJo3Qplg=
golang.org/x/sys v0.0.0-20190215142949-d0b11bdaac8a/go.mod h1:STP8DvDyc/dI5b8T5hshtkjS+E42TnysNCUPdjciGhY=
golang.org/x/sys v0.0.0-20190412213103-97732733099d h1:+R4KGOnez64A81RvjARKc4UT5/tI9ujCIVX+P5KiHuI=
golang.org/x/sys v0.0.0-20190412213103-97732733099d/go.mod h1:h1NjWce9XRLGQEsW7wpKNCjG9DtNlClVuFLEZdDNbEs=
golang.org/x/sys v0.0.0-20190422165155-953cdadca894/go.mod h1:h1NjWce9XRLGQEsW7wpKNCjG9DtNlClVuFLEZdDNbEs=
golang.org/x/sys v0.0.0-20200121082415-34d275377bf9 h1:N19i1HjUnR7TF7rMt8O4p3dLvqvmYyzB6ifMFmrbY50=
golang.org/x/sys v0.0.0-20200121082415-34d275377bf9/go.mod h1:h1NjWce9XRLGQEsW7wpKNCjG9DtNlClVuFLEZdDNbEs=
golang.org/x/sys v0.0.0-20200122134326-e047566fdf82 h1:ywK/j/KkyTHcdyYSZNXGjMwgmDSfjglYZ3vStQ/gSCU=
golang.org/x/sys v0.0.0-20200122134326-e047566fdf82/go.mod h1:h1NjWce9XRLGQEsW7wpKNCjG9DtNlClVuFLEZdDNbEs=
golang.org/x/text v0.3.0/go.mod h1:NqM8EUOU14njkJ3fqMW+pc6Ldnwhi/IjpwHt7yyuwOQ=
